
Microsoft Visual Studio Solution File, Format Version 12.00
# Visual Studio Version 16
VisualStudioVersion = 16.0.30002.166
MinimumVisualStudioVersion = 10.0.40219.1
Project("{FAE04EC0-301F-11D3-BF4B-00C04F79EFBC}") = "NEW RPG", "NEW RPG\NEW RPG.csproj", "{B981EE37-01D9-425A-B895-ECE65DFF0A8A}"
	ProjectSection(ProjectDependencies) = postProject
		{A34654EE-B8C6-43AB-86F7-075466C0C2B5} = {A34654EE-B8C6-43AB-86F7-075466C0C2B5}
	EndProjectSection
EndProject
Project("{FAE04EC0-301F-11D3-BF4B-00C04F79EFBC}") = "Engine", "Engine\Engine.csproj", "{A34654EE-B8C6-43AB-86F7-075466C0C2B5}"
EndProject
Global
	GlobalSection(SolutionConfigurationPlatforms) = preSolution
		Debug|Any CPU = Debug|Any CPU
		Release|Any CPU = Release|Any CPU
	EndGlobalSection
	GlobalSection(ProjectConfigurationPlatforms) = postSolution
		{B981EE37-01D9-425A-B895-ECE65DFF0A8A}.Debug|Any CPU.ActiveCfg = Debug|Any CPU
		{B981EE37-01D9-425A-B895-ECE65DFF0A8A}.Debug|Any CPU.Build.0 = Debug|Any CPU
		{B981EE37-01D9-425A-B895-ECE65DFF0A8A}.Release|Any CPU.ActiveCfg = Release|Any CPU
		{B981EE37-01D9-425A-B895-ECE65DFF0A8A}.Release|Any CPU.Build.0 = Release|Any CPU
		{A34654EE-B8C6-43AB-86F7-075466C0C2B5}.Debug|Any CPU.ActiveCfg = Debug|Any CPU
		{A34654EE-B8C6-43AB-86F7-075466C0C2B5}.Debug|Any CPU.Build.0 = Debug|Any CPU
		{A34654EE-B8C6-43AB-86F7-075466C0C2B5}.Release|Any CPU.ActiveCfg = Release|Any CPU
		{A34654EE-B8C6-43AB-86F7-075466C0C2B5}.Release|Any CPU.Build.0 = Release|Any CPU
	EndGlobalSection
	GlobalSection(SolutionProperties) = preSolution
		HideSolutionNode = FALSE
	EndGlobalSection
	GlobalSection(ExtensibilityGlobals) = postSolution
		SolutionGuid = {A6932B12-390E-4AE9-B4DB-9C8C878A2F3C}
	EndGlobalSection
EndGlobal
